{
  "originHash" : "6c101375fdab1353ae96c36e2ad3fe61dffd23aec713081059be8160026449d2",
  "pins" : [
    {
      "identity" : "riveting",
      "kind" : "remoteSourceControl",
      "location" : "https://github.com/ethan-vanheerden/Riveting",
      "state" : {
        "revision" : "1d376257dc5aef2c62da06af03bd40d9fe6bc93d",
        "version" : "0.1.0"
      }
    }
  ],
  "version" : 3
}
